<Solution>
  <Folder Name="/Solution Items/">
    <File Path="backend_base.url" />
    <File Path="random_image.url" />
    <File Path="README.md" />
  </Folder>
  <Project Path="async_konzolos/framework_async_konzolos.csproj" Id="058c92bf-4883-4fb9-a118-77cdaeae96b7" />
  <Project Path="core_DolgozoManagerWPF/core_DolgozoManagerWPF.csproj" Id="88c51d14-218f-425b-8366-1d9105c8e0c1" />
  <Project Path="core_konzolos/core_konzolos.csproj" Id="a8fac05d-a51d-4279-b08c-a764bb05ef77" />
  <Project Path="core_WinFormsApp/core_WinFormsApp.csproj" Id="61b35c6e-d172-42bd-9dc4-d4d08ba64902" />
  <Project Path="framework_WindowsFormsApp/framework_WindowsFormsApp.csproj" Id="6b2a2452-1cf4-4e24-9b93-d5ece39582ab" />
  <Project Path="WpfApp_Framework/WpfApp_Framework.csproj" Id="07e7b2b2-85ee-41c9-9d9d-2a081744b910" />
</Solution>
